// !$*UTF8*$!
{
	archiveVersion = 1;
	classes = {
	};
	objectVersion = 46;
	objects = {

/* Begin PBXBuildFile section */
		4A06E84D1E8363350033F791 /* UserNotifications.framework in Frameworks */ = {isa = PBXBuildFile; fileRef = 4A06E84C1E8363350033F791 /* UserNotifications.framework */; };
		4A541F981E82791900C1D318 /* main.m in Sources */ = {isa = PBXBuildFile; fileRef = 4A541F971E82791900C1D318 /* main.m */; };
		4A541F9B1E82791900C1D318 /* AppDelegate.m in Sources */ = {isa = PBXBuildFile; fileRef = 4A541F9A1E82791900C1D318 /* AppDelegate.m */; };
		4A541FA11E82791900C1D318 /* Main.storyboard in Resources */ = {isa = PBXBuildFile; fileRef = 4A541F9F1E82791900C1D318 /* Main.storyboard */; };
		4A541FA31E82791900C1D318 /* Assets.xcassets in Resources */ = {isa = PBXBuildFile; fileRef = 4A541FA21E82791900C1D318 /* Assets.xcassets */; };
		4A541FA61E82791900C1D318 /* LaunchScreen.storyboard in Resources */ = {isa = PBXBuildFile; fileRef = 4A541FA41E82791900C1D318 /* LaunchScreen.storyboard */; };
		4A541FAF1E82799900C1D318 /* HypnosisView.m in Sources */ = {isa = PBXBuildFile; fileRef = 4A541FAE1E82799900C1D318 /* HypnosisView.m */; };
		4A541FB21E827AD500C1D318 /* HypnosisViewController.m in Sources */ = {isa = PBXBuildFile; fileRef = 4A541FB11E827AD500C1D318 /* HypnosisViewController.m */; };
		4A541FB51E827AE900C1D318 /* RemindViewController.m in Sources */ = {isa = PBXBuildFile; fileRef = 4A541FB41E827AE900C1D318 /* RemindViewController.m */; };
		CF9EF84F46A97943C14DDF0C /* libPods-iOSBook.a in Frameworks */ = {isa = PBXBuildFile; fileRef = 84D9318FA617380AB8E39C26 /* libPods-iOSBook.a */; };
/* End PBXBuildFile section */

/* Begin PBXFileReference section */
		4A06E84C1E8363350033F791 /* UserNotifications.framework */ = {isa = PBXFileReference; lastKnownFileType = wrapper.framework; name = UserNotifications.framework; path = System/Library/Frameworks/UserNotifications.framework; sourceTree = SDKROOT; };
		4A541F931E82791900C1D318 /* iOSBook.app */ = {isa = PBXFileReference; explicitFileType = wrapper.application; includeInIndex = 0; path = iOSBook.app; sourceTree = BUILT_PRODUCTS_DIR; };
		4A541F971E82791900C1D318 /* main.m */ = {isa = PBXFileReference; lastKnownFileType = sourcecode.c.objc; path = main.m; sourceTree = "<group>"; };
		4A541F991E82791900C1D318 /* AppDelegate.h */ = {isa = PBXFileReference; lastKnownFileType = sourcecode.c.h; path = AppDelegate.h; sourceTree = "<group>"; };
		4A541F9A1E82791900C1D318 /* AppDelegate.m */ = {isa = PBXFileReference; lastKnownFileType = sourcecode.c.objc; path = AppDelegate.m; sourceTree = "<group>"; };
		4A541FA01E82791900C1D318 /* Base */ = {isa = PBXFileReference; lastKnownFileType = file.storyboard; name = Base; path = Base.lproj/Main.storyboard; sourceTree = "<group>"; };
		4A541FA21E82791900C1D318 /* Assets.xcassets */ = {isa = PBXFileReference; lastKnownFileType = folder.assetcatalog; path = Assets.xcassets; sourceTree = "<group>"; };
		4A541FA51E82791900C1D318 /* Base */ = {isa = PBXFileReference; lastKnownFileType = file.storyboard; name = Base; path = Base.lproj/LaunchScreen.storyboard; sourceTree = "<group>"; };
		4A541FA71E82791900C1D318 /* Info.plist */ = {isa = PBXFileReference; lastKnownFileType = text.plist.xml; path = Info.plist; sourceTree = "<group>"; };
		4A541FAD1E82799900C1D318 /* HypnosisView.h */ = {isa = PBXFileReference; fileEncoding = 4; lastKnownFileType = sourcecode.c.h; path = HypnosisView.h; sourceTree = "<group>"; };
		4A541FAE1E82799900C1D318 /* HypnosisView.m */ = {isa = PBXFileReference; fileEncoding = 4; lastKnownFileType = sourcecode.c.objc; path = HypnosisView.m; sourceTree = "<group>"; };
		4A541FB01E827AD500C1D318 /* HypnosisViewController.h */ = {isa = PBXFileReference; fileEncoding = 4; lastKnownFileType = sourcecode.c.h; path = HypnosisViewController.h; sourceTree = "<group>"; };
		4A541FB11E827AD500C1D318 /* HypnosisViewController.m */ = {isa = PBXFileReference; fileEncoding = 4; lastKnownFileType = sourcecode.c.objc; path = HypnosisViewController.m; sourceTree = "<group>"; };
		4A541FB31E827AE900C1D318 /* RemindViewController.h */ = {isa = PBXFileReference; fileEncoding = 4; lastKnownFileType = sourcecode.c.h; path = RemindViewController.h; sourceTree = "<group>"; };
		4A541FB41E827AE900C1D318 /* RemindViewController.m */ = {isa = PBXFileReference; fileEncoding = 4; lastKnownFileType = sourcecode.c.objc; path = RemindViewController.m; sourceTree = "<group>"; };
		4D6255D3DC063FBCEFF53CE5 /* Pods-iOSBook.release.xcconfig */ = {isa = PBXFileReference; includeInIndex = 1; lastKnownFileType = text.xcconfig; name = "Pods-iOSBook.release.xcconfig"; path = "Pods/Target Support Files/Pods-iOSBook/Pods-iOSBook.release.xcconfig"; sourceTree = "<group>"; };
		84D9318FA617380AB8E39C26 /* libPods-iOSBook.a */ = {isa = PBXFileReference; explicitFileType = archive.ar; includeInIndex = 0; path = "libPods-iOSBook.a"; sourceTree = BUILT_PRODUCTS_DIR; };
		E575E34EE260D324BE601F0B /* Pods-iOSBook.debug.xcconfig */ = {isa = PBXFileReference; includeInIndex = 1; lastKnownFileType = text.xcconfig; name = "Pods-iOSBook.debug.xcconfig"; path = "Pods/Target Support Files/Pods-iOSBook/Pods-iOSBook.debug.xcconfig"; sourceTree = "<group>"; };
/* End PBXFileReference section */

/* Begin PBXFrameworksBuildPhase section */
		4A541F901E82791900C1D318 /* Frameworks */ = {
			isa = PBXFrameworksBuildPhase;
			buildActionMask = 2147483647;
			files = (
				4A06E84D1E8363350033F791 /* UserNotifications.framework in Frameworks */,
				CF9EF84F46A97943C14DDF0C /* libPods-iOSBook.a in Frameworks */,
			);
			runOnlyForDeploymentPostprocessing = 0;
		};
/* End PBXFrameworksBuildPhase section */

/* Begin PBXGroup section */
		4A06E84B1E8363350033F791 /* Frameworks */ = {
			isa = PBXGroup;
			children = (
				4A06E84C1E8363350033F791 /* UserNotifications.framework */,
				84D9318FA617380AB8E39C26 /* libPods-iOSBook.a */,
			);
			name = Frameworks;
			sourceTree = "<group>";
		};
		4A541F8A1E82791900C1D318 = {
			isa = PBXGroup;
			children = (
				4A541F951E82791900C1D318 /* iOSBook */,
				4A541F941E82791900C1D318 /* Products */,
				4A06E84B1E8363350033F791 /* Frameworks */,
				EA96107068EF22F4974D7CE2 /* Pods */,
			);
			sourceTree = "<group>";
		};
		4A541F941E82791900C1D318 /* Products */ = {
			isa = PBXGroup;
			children = (
				4A541F931E82791900C1D318 /* iOSBook.app */,
			);
			name = Products;
			sourceTree = "<group>";
		};
		4A541F951E82791900C1D318 /* iOSBook */ = {
			isa = PBXGroup;
			children = (
				4A541F991E82791900C1D318 /* AppDelegate.h */,
				4A541F9A1E82791900C1D318 /* AppDelegate.m */,
				4A541FB31E827AE900C1D318 /* RemindViewController.h */,
				4A541FB41E827AE900C1D318 /* RemindViewController.m */,
				4A541FB01E827AD500C1D318 /* HypnosisViewController.h */,
				4A541FB11E827AD500C1D318 /* HypnosisViewController.m */,
				4A541FAD1E82799900C1D318 /* HypnosisView.h */,
				4A541FAE1E82799900C1D318 /* HypnosisView.m */,
				4A541F9F1E82791900C1D318 /* Main.storyboard */,
				4A541FA21E82791900C1D318 /* Assets.xcassets */,
				4A541FA41E82791900C1D318 /* LaunchScreen.storyboard */,
				4A541FA71E82791900C1D318 /* Info.plist */,
				4A541F961E82791900C1D318 /* Supporting Files */,
			);
			path = iOSBook;
			sourceTree = "<group>";
		};
		4A541F961E82791900C1D318 /* Supporting Files */ = {
			isa = PBXGroup;
			children = (
				4A541F971E82791900C1D318 /* main.m */,
			);
			name = "Supporting Files";
			sourceTree = "<group>";
		};
		EA96107068EF22F4974D7CE2 /* Pods */ = {
			isa = PBXGroup;
			children = (
				E575E34EE260D324BE601F0B /* Pods-iOSBook.debug.xcconfig */,
				4D6255D3DC063FBCEFF53CE5 /* Pods-iOSBook.release.xcconfig */,
			);
			name = Pods;
			sourceTree = "<group>";
		};
/* End PBXGroup section */

/* Begin PBXNativeTarget section */
		4A541F921E82791900C1D318 /* iOSBook */ = {
			isa = PBXNativeTarget;
			buildConfigurationList = 4A541FAA1E82791900C1D318 /* Build configuration list for PBXNativeTarget "iOSBook" */;
			buildPhases = (
				A409BE5AB3B63A332D232ADF /* 📦 Check Pods Manifest.lock */,
				4A541F8F1E82791900C1D318 /* Sources */,
				4A541F901E82791900C1D318 /* Frameworks */,
				4A541F911E82791900C1D318 /* Resources */,
				28A0EF3FB9FA5840FE9D91B0 /* 📦 Embed Pods Frameworks */,
				B646C3C419DD02E33326EE96 /* 📦 Copy Pods Resources */,
			);
			buildRules = (
			);
			dependencies = (
			);
			name = iOSBook;
			productName = iOSBook;
			productReference = 4A541F931E82791900C1D318 /* iOSBook.app */;
			productType = "com.apple.product-type.application";
		};
/* End PBXNativeTarget section */

/* Begin PBXProject section */
		4A541F8B1E82791900C1D318 /* Project object */ = {
			isa = PBXProject;
			attributes = {
				LastUpgradeCheck = 0820;
				ORGANIZATIONNAME = Ccc;
				TargetAttributes = {
					4A541F921E82791900C1D318 = {
						CreatedOnToolsVersion = 8.2.1;
						DevelopmentTeam = C2SV4YJGZ8;
						ProvisioningStyle = Automatic;
					};
				};
			};
			buildConfigurationList = 4A541F8E1E82791900C1D318 /* Build configuration list for PBXProject "iOSBook" */;
			compatibilityVersion = "Xcode 3.2";
			developmentRegion = English;
			hasScannedForEncodings = 0;
			knownRegions = (
				en,
				Base,
			);
			mainGroup = 4A541F8A1E82791900C1D318;
			productRefGroup = 4A541F941E82791900C1D318 /* Products */;
			projectDirPath = "";
			projectRoot = "";
			targets = (
				4A541F921E82791900C1D318 /* iOSBook */,
			);
		};
/* End PBXProject section */

/* Begin PBXResourcesBuildPhase section */
		4A541F911E82791900C1D318 /* Resources */ = {
			isa = PBXResourcesBuildPhase;
			buildActionMask = 2147483647;
			files = (
				4A541FA61E82791900C1D318 /* LaunchScreen.storyboard in Resources */,
				4A541FA31E82791900C1D318 /* Assets.xcassets in Resources */,
				4A541FA11E82791900C1D318 /* Main.storyboard in Resources */,
			);
			runOnlyForDeploymentPostprocessing = 0;
		};
/* End PBXResourcesBuildPhase section */

/* Begin PBXShellScriptBuildPhase section */
		28A0EF3FB9FA5840FE9D91B0 /* 📦 Embed Pods Frameworks */ = {
			isa = PBXShellScriptBuildPhase;
			buildActionMask = 2147483647;
			files = (
			);
			inputPaths = (
			);
			name = "📦 Embed Pods Frameworks";
			outputPaths = (
			);
			runOnlyForDeploymentPostprocessing = 0;
			shellPath = /bin/sh;
			shellScript = "\"${SRCROOT}/Pods/Target Support Files/Pods-iOSBook/Pods-iOSBook-frameworks.sh\"\n";
			showEnvVarsInLog = 0;
		};
		A409BE5AB3B63A332D232ADF /* 📦 Check Pods Manifest.lock */ = {
			isa = PBXShellScriptBuildPhase;
			buildActionMask = 2147483647;
			files = (
			);
			inputPaths = (
			);
			name = "📦 Check Pods Manifest.lock";
			outputPaths = (
			);
			runOnlyForDeploymentPostprocessing = 0;
			shellPath = /bin/sh;
			shellScript = "diff \"${PODS_ROOT}/../Podfile.lock\" \"${PODS_ROOT}/Manifest.lock\" > /dev/null\nif [[ $? != 0 ]] ; then\n    cat << EOM\nerror: The sandbox is not in sync with the Podfile.lock. Run 'pod install' or update your CocoaPods installation.\nEOM\n    exit 1\nfi\n";
			showEnvVarsInLog = 0;
		};
		B646C3C419DD02E33326EE96 /* 📦 Copy Pods Resources */ = {
			isa = PBXShellScriptBuildPhase;
			buildActionMask = 2147483647;
			files = (
			);
			inputPaths = (
			);
			name = "📦 Copy Pods Resources";
			outputPaths = (
			);
			runOnlyForDeploymentPostprocessing = 0;
			shellPath = /bin/sh;
			shellScript = "\"${SRCROOT}/Pods/Target Support Files/Pods-iOSBook/Pods-iOSBook-resources.sh\"\n";
			showEnvVarsInLog = 0;
		};
/* End PBXShellScriptBuildPhase section */

/* Begin PBXSourcesBuildPhase section */
		4A541F8F1E82791900C1D318 /* Sources */ = {
			isa = PBXSourcesBuildPhase;
			buildActionMask = 2147483647;
			files = (
				4A541FB51E827AE900C1D318 /* RemindViewController.m in Sources */,
				4A541FAF1E82799900C1D318 /* HypnosisView.m in Sources */,
				4A541F9B1E82791900C1D318 /* AppDelegate.m in Sources */,
				4A541F981E82791900C1D318 /* main.m in Sources */,
				4A541FB21E827AD500C1D318 /* HypnosisViewController.m in Sources */,
			);
			runOnlyForDeploymentPostprocessing = 0;
		};
/* End PBXSourcesBuildPhase section */

/* Begin PBXVariantGroup section */
		4A541F9F1E82791900C1D318 /* Main.storyboard */ = {
			isa = PBXVariantGroup;
			children = (
				4A541FA01E82791900C1D318 /* Base */,
			);
			name = Main.storyboard;
			sourceTree = "<group>";
		};
		4A541FA41E82791900C1D318 /* LaunchScreen.storyboard */ = {
			isa = PBXVariantGroup;
			children = (
				4A541FA51E82791900C1D318 /* Base */,
			);
			name = LaunchScreen.storyboard;
			sourceTree = "<group>";
		};
/* End PBXVariantGroup section */

/* Begin XCBuildConfiguration section */
		4A541FA81E82791900C1D318 /* Debug */ = {
			isa = XCBuildConfiguration;
			buildSettings = {
				ALWAYS_SEARCH_USER_PATHS = NO;
				CLANG_ANALYZER_NONNULL = YES;
				CLANG_CXX_LANGUAGE_STANDARD = "gnu++0x";
				CLANG_CXX_LIBRARY = "libc++";
				CLANG_ENABLE_MODULES = YES;
				CLANG_ENABLE_OBJC_ARC = YES;
				CLANG_WARN_BOOL_CONVERSION = YES;
				CLANG_WARN_CONSTANT_CONVERSION = YES;
				CLANG_WARN_DIRECT_OBJC_ISA_USAGE = YES_ERROR;
				CLANG_WARN_DOCUMENTATION_COMMENTS = YES;
				CLANG_WARN_EMPTY_BODY = YES;
				CLANG_WARN_ENUM_CONVERSION = YES;
				CLANG_WARN_INFINITE_RECURSION = YES;
				CLANG_WARN_INT_CONVERSION = YES;
				CLANG_WARN_OBJC_ROOT_CLASS = YES_ERROR;
				CLANG_WARN_SUSPICIOUS_MOVE = YES;
				CLANG_WARN_UNREACHABLE_CODE = YES;
				CLANG_WARN__DUPLICATE_METHOD_MATCH = YES;
				"CODE_SIGN_IDENTITY[sdk=iphoneos*]" = "iPhone Developer";
				COPY_PHASE_STRIP = NO;
				DEBUG_INFORMATION_FORMAT = dwarf;
				ENABLE_STRICT_OBJC_MSGSEND = YES;
				ENABLE_TESTABILITY = YES;
				GCC_C_LANGUAGE_STANDARD = gnu99;
				GCC_DYNAMIC_NO_PIC = NO;
				GCC_NO_COMMON_BLOCKS = YES;
				GCC_OPTIMIZATION_LEVEL = 0;
				GCC_PREPROCESSOR_DEFINITIONS = (
					"DEBUG=1",
					"$(inherited)",
				);
				GCC_WARN_64_TO_32_BIT_CONVERSION = YES;
				GCC_WARN_ABOUT_RETURN_TYPE = YES_ERROR;
				GCC_WARN_UNDECLARED_SELECTOR = YES;
				GCC_WARN_UNINITIALIZED_AUTOS = YES_AGGRESSIVE;
				GCC_WARN_UNUSED_FUNCTION = YES;
				GCC_WARN_UNUSED_VARIABLE = YES;
				IPHONEOS_DEPLOYMENT_TARGET = 10.2;
				MTL_ENABLE_DEBUG_INFO = YES;
				ONLY_ACTIVE_ARCH = YES;
				SDKROOT = iphoneos;
			};
			name = Debug;
		};
		4A541FA91E82791900C1D318 /* Release */ = {
			isa = XCBuildConfiguration;
			buildSettings = {
				ALWAYS_SEARCH_USER_PATHS = NO;
				CLANG_ANALYZER_NONNULL = YES;
				CLANG_CXX_LANGUAGE_STANDARD = "gnu++0x";
				CLANG_CXX_LIBRARY = "libc++";
				CLANG_ENABLE_MODULES = YES;
				CLANG_ENABLE_OBJC_ARC = YES;
				CLANG_WARN_BOOL_CONVERSION = YES;
				CLANG_WARN_CONSTANT_CONVERSION = YES;
				CLANG_WARN_DIRECT_OBJC_ISA_USAGE = YES_ERROR;
				CLANG_WARN_DOCUMENTATION_COMMENTS = YES;
				CLANG_WARN_EMPTY_BODY = YES;
				CLANG_WARN_ENUM_CONVERSION = YES;
				CLANG_WARN_INFINITE_RECURSION = YES;
				CLANG_WARN_INT_CONVERSION = YES;
				CLANG_WARN_OBJC_ROOT_CLASS = YES_ERROR;
				CLANG_WARN_SUSPICIOUS_MOVE = YES;
				CLANG_WARN_UNREACHABLE_CODE = YES;
				CLANG_WARN__DUPLICATE_METHOD_MATCH = YES;
				"CODE_SIGN_IDENTITY[sdk=iphoneos*]" = "iPhone Developer";
				COPY_PHASE_STRIP = NO;
				DEBUG_INFORMATION_FORMAT = "dwarf-with-dsym";
				ENABLE_NS_ASSERTIONS = NO;
				ENABLE_STRICT_OBJC_MSGSEND = YES;
				GCC_C_LANGUAGE_STANDARD = gnu99;
				GCC_NO_COMMON_BLOCKS = YES;
				GCC_WARN_64_TO_32_BIT_CONVERSION = YES;
				GCC_WARN_ABOUT_RETURN_TYPE = YES_ERROR;
				GCC_WARN_UNDECLARED_SELECTOR = YES;
				GCC_WARN_UNINITIALIZED_AUTOS = YES_AGGRESSIVE;
				GCC_WARN_UNUSED_FUNCTION = YES;
				GCC_WARN_UNUSED_VARIABLE = YES;
				IPHONEOS_DEPLOYMENT_TARGET = 10.2;
				MTL_ENABLE_DEBUG_INFO = NO;
				SDKROOT = iphoneos;
				VALIDATE_PRODUCT = YES;
			};
			name = Release;
		};
		4A541FAB1E82791900C1D318 /* Debug */ = {
			isa = XCBuildConfiguration;
			baseConfigurationReference = E575E34EE260D324BE601F0B /* Pods-iOSBook.debug.xcconfig */;
			buildSettings = {
				ASSETCATALOG_COMPILER_APPICON_NAME = AppIcon;
				DEVELOPMENT_TEAM = C2SV4YJGZ8;
				INFOPLIST_FILE = iOSBook/Info.plist;
				LD_RUNPATH_SEARCH_PATHS = "$(inherited) @executable_path/Frameworks";
				PRODUCT_BUNDLE_IDENTIFIER = com.ccc.iOSBook;
				PRODUCT_NAME = "$(TARGET_NAME)";
			};
			name = Debug;
		};
		4A541FAC1E82791900C1D318 /* Release */ = {
			isa = XCBuildConfiguration;
			baseConfigurationReference = 4D6255D3DC063FBCEFF53CE5 /* Pods-iOSBook.release.xcconfig */;
			buildSettings = {
				ASSETCATALOG_COMPILER_APPICON_NAME = AppIcon;
				DEVELOPMENT_TEAM = C2SV4YJGZ8;
				INFOPLIST_FILE = iOSBook/Info.plist;
				LD_RUNPATH_SEARCH_PATHS = "$(inherited) @executable_path/Frameworks";
				PRODUCT_BUNDLE_IDENTIFIER = com.ccc.iOSBook;
				PRODUCT_NAME = "$(TARGET_NAME)";
			};
			name = Release;
		};
/* End XCBuildConfiguration section */

/* Begin XCConfigurationList section */
		4A541F8E1E82791900C1D318 /* Build configuration list for PBXProject "iOSBook" */ = {
			isa = XCConfigurationList;
			buildConfigurations = (
				4A541FA81E82791900C1D318 /* Debug */,
				4A541FA91E82791900C1D318 /* Release */,
			);
			defaultConfigurationIsVisible = 0;
			defaultConfigurationName = Release;
		};
		4A541FAA1E82791900C1D318 /* Build configuration list for PBXNativeTarget "iOSBook" */ = {
			isa = XCConfigurationList;
			buildConfigurations = (
				4A541FAB1E82791900C1D318 /* Debug */,
				4A541FAC1E82791900C1D318 /* Release */,
			);
			defaultConfigurationIsVisible = 0;
			defaultConfigurationName = Release;
		};
/* End XCConfigurationList section */
	};
	rootObject = 4A541F8B1E82791900C1D318 /* Project object */;
}
